
Microsoft Visual Studio Solution File, Format Version 12.00
# Visual Studio 2012
Project("{FAE04EC0-301F-11D3-BF4B-00C04F79EFBC}") = "OSSFinder", "OSSFinder\OSSFinder.csproj", "{A1581F8C-FFA4-4F46-9AC5-D5A66F3A83DD}"
EndProject
Project("{FAE04EC0-301F-11D3-BF4B-00C04F79EFBC}") = "OSSFinder.Tests", "OSSFinder.Tests\OSSFinder.Tests.csproj", "{F2EEE41D-D647-41F3-B769-92A058371B73}"
EndProject
Global
	GlobalSection(SolutionConfigurationPlatforms) = preSolution
		Debug|Any CPU = Debug|Any CPU
		Release|Any CPU = Release|Any CPU
	EndGlobalSection
	GlobalSection(ProjectConfigurationPlatforms) = postSolution
		{A1581F8C-FFA4-4F46-9AC5-D5A66F3A83DD}.Debug|Any CPU.ActiveCfg = Debug|Any CPU
		{A1581F8C-FFA4-4F46-9AC5-D5A66F3A83DD}.Debug|Any CPU.Build.0 = Debug|Any CPU
		{A1581F8C-FFA4-4F46-9AC5-D5A66F3A83DD}.Release|Any CPU.ActiveCfg = Release|Any CPU
		{A1581F8C-FFA4-4F46-9AC5-D5A66F3A83DD}.Release|Any CPU.Build.0 = Release|Any CPU
		{F2EEE41D-D647-41F3-B769-92A058371B73}.Debug|Any CPU.ActiveCfg = Debug|Any CPU
		{F2EEE41D-D647-41F3-B769-92A058371B73}.Debug|Any CPU.Build.0 = Debug|Any CPU
		{F2EEE41D-D647-41F3-B769-92A058371B73}.Release|Any CPU.ActiveCfg = Release|Any CPU
		{F2EEE41D-D647-41F3-B769-92A058371B73}.Release|Any CPU.Build.0 = Release|Any CPU
	EndGlobalSection
	GlobalSection(SolutionProperties) = preSolution
		HideSolutionNode = FALSE
	EndGlobalSection
EndGlobal
